
Microsoft Visual Studio Solution File, Format Version 12.00
# Visual Studio Version 16
VisualStudioVersion = 16.0.29020.237
MinimumVisualStudioVersion = 10.0.40219.1
Project("{FAE04EC0-301F-11D3-BF4B-00C04F79EFBC}") = "ProjectX", "ProjectX.csproj", "{8A31A7B7-DC22-4373-9805-71E728D52578}"
EndProject
Global
	GlobalSection(SolutionConfigurationPlatforms) = preSolution
		Debug|Any CPU = Debug|Any CPU
		Release|Any CPU = Release|Any CPU
	EndGlobalSection
	GlobalSection(ProjectConfigurationPlatforms) = postSolution
		{8A31A7B7-DC22-4373-9805-71E728D52578}.Debug|Any CPU.ActiveCfg = Debug|Any CPU
		{8A31A7B7-DC22-4373-9805-71E728D52578}.Debug|Any CPU.Build.0 = Debug|Any CPU
		{8A31A7B7-DC22-4373-9805-71E728D52578}.Release|Any CPU.ActiveCfg = Release|Any CPU
		{8A31A7B7-DC22-4373-9805-71E728D52578}.Release|Any CPU.Build.0 = Release|Any CPU
	EndGlobalSection
	GlobalSection(SolutionProperties) = preSolution
		HideSolutionNode = FALSE
	EndGlobalSection
	GlobalSection(ExtensibilityGlobals) = postSolution
		SolutionGuid = {66D3830D-59D8-41EE-958C-8B4A7C397DB5}
	EndGlobalSection
EndGlobal
